// !$*UTF8*$!
{
	archiveVersion = 1;
	classes = {
	};
	objectVersion = 53;
	objects = {

/* Begin PBXBuildFile section */
		CE107D892674C5EA00823730 /* Assets.xcassets in Resources */ = {isa = PBXBuildFile; fileRef = CE107D882674C5EA00823730 /* Assets.xcassets */; };
		CE107D8F2674C5EA00823730 /* MOSXAppMain.mm in Sources */ = {isa = PBXBuildFile; fileRef = CE107D8E2674C5EA00823730 /* MOSXAppMain.mm */; };
		CE107D9E2674C6A400823730 /* MOSXViewController.mm in Sources */ = {isa = PBXBuildFile; fileRef = CE107D992674C6A400823730 /* MOSXViewController.mm */; };
		CE107DA72674C77C00823730 /* mini.bundle in Resources */ = {isa = PBXBuildFile; fileRef = CE107DA02674C77C00823730 /* mini.bundle */; };
		CE107DA82674C77C00823730 /* README.cpp in Sources */ = {isa = PBXBuildFile; fileRef = CE107DA22674C77C00823730 /* README.cpp */; };
		CE1FC5BC280C5438005215EC /* MMACDrawView.mm in Sources */ = {isa = PBXBuildFile; fileRef = CE1FC5B6280C5438005215EC /* MMACDrawView.mm */; };
		CE1FC5BD280C5438005215EC /* MMACBundle.mm in Sources */ = {isa = PBXBuildFile; fileRef = CE1FC5B7280C5438005215EC /* MMACBundle.mm */; };
		CE1FC5BE280C5438005215EC /* MMACImageFactory.mm in Sources */ = {isa = PBXBuildFile; fileRef = CE1FC5BB280C5438005215EC /* MMACImageFactory.mm */; };
		CE30706D284E3EA0007C8FEB /* JavaScriptCore.framework in Frameworks */ = {isa = PBXBuildFile; fileRef = CE30706C284E3EA0007C8FEB /* JavaScriptCore.framework */; };
		CE30706F284E3EA9007C8FEB /* AppKit.framework in Frameworks */ = {isa = PBXBuildFile; fileRef = CE30706E284E3EA9007C8FEB /* AppKit.framework */; };
		CE379AA02973E1AF006C9E07 /* MOSXFrameSaver.mm in Sources */ = {isa = PBXBuildFile; fileRef = CE379A9F2973E1AE006C9E07 /* MOSXFrameSaver.mm */; };
		CEE269352854BE050007B0C2 /* MMACJavaScriptCore.mm in Sources */ = {isa = PBXBuildFile; fileRef = CEE269342854BE050007B0C2 /* MMACJavaScriptCore.mm */; };
/* End PBXBuildFile section */

/* Begin PBXFileReference section */
		CE107D7F2674C5E900823730 /* mini.app */ = {isa = PBXFileReference; explicitFileType = wrapper.application; includeInIndex = 0; path = mini.app; sourceTree = BUILT_PRODUCTS_DIR; };
		CE107D882674C5EA00823730 /* Assets.xcassets */ = {isa = PBXFileReference; lastKnownFileType = folder.assetcatalog; path = Assets.xcassets; sourceTree = "<group>"; };
		CE107D8D2674C5EA00823730 /* Info.plist */ = {isa = PBXFileReference; lastKnownFileType = text.plist.xml; path = Info.plist; sourceTree = "<group>"; };
		CE107D8E2674C5EA00823730 /* MOSXAppMain.mm */ = {isa = PBXFileReference; lastKnownFileType = sourcecode.cpp.objcpp; path = MOSXAppMain.mm; sourceTree = "<group>"; };
		CE107D902674C5EA00823730 /* mini.entitlements */ = {isa = PBXFileReference; lastKnownFileType = text.plist.entitlements; path = mini.entitlements; sourceTree = "<group>"; };
		CE107D992674C6A400823730 /* MOSXViewController.mm */ = {isa = PBXFileReference; fileEncoding = 4; lastKnownFileType = sourcecode.cpp.objcpp; path = MOSXViewController.mm; sourceTree = "<group>"; };
		CE107D9B2674C6A400823730 /* MOSXViewController.h */ = {isa = PBXFileReference; fileEncoding = 4; lastKnownFileType = sourcecode.c.h; path = MOSXViewController.h; sourceTree = "<group>"; };
		CE107DA02674C77C00823730 /* mini.bundle */ = {isa = PBXFileReference; lastKnownFileType = "wrapper.plug-in"; path = mini.bundle; sourceTree = "<group>"; };
		CE107DA22674C77C00823730 /* README.cpp */ = {isa = PBXFileReference; fileEncoding = 4; lastKnownFileType = sourcecode.cpp.cpp; path = README.cpp; sourceTree = "<group>"; };
		CE1FC5B6280C5438005215EC /* MMACDrawView.mm */ = {isa = PBXFileReference; fileEncoding = 4; lastKnownFileType = sourcecode.cpp.objcpp; path = MMACDrawView.mm; sourceTree = "<group>"; };
		CE1FC5B7280C5438005215EC /* MMACBundle.mm */ = {isa = PBXFileReference; fileEncoding = 4; lastKnownFileType = sourcecode.cpp.objcpp; path = MMACBundle.mm; sourceTree = "<group>"; };
		CE1FC5B8280C5438005215EC /* MMACDrawView.h */ = {isa = PBXFileReference; fileEncoding = 4; lastKnownFileType = sourcecode.c.h; path = MMACDrawView.h; sourceTree = "<group>"; };
		CE1FC5B9280C5438005215EC /* MMACImageFactory.h */ = {isa = PBXFileReference; fileEncoding = 4; lastKnownFileType = sourcecode.c.h; path = MMACImageFactory.h; sourceTree = "<group>"; };
		CE1FC5BA280C5438005215EC /* MMACBundle.h */ = {isa = PBXFileReference; fileEncoding = 4; lastKnownFileType = sourcecode.c.h; path = MMACBundle.h; sourceTree = "<group>"; };
		CE1FC5BB280C5438005215EC /* MMACImageFactory.mm */ = {isa = PBXFileReference; fileEncoding = 4; lastKnownFileType = sourcecode.cpp.objcpp; path = MMACImageFactory.mm; sourceTree = "<group>"; };
		CE30706C284E3EA0007C8FEB /* JavaScriptCore.framework */ = {isa = PBXFileReference; lastKnownFileType = wrapper.framework; name = JavaScriptCore.framework; path = System/Library/Frameworks/JavaScriptCore.framework; sourceTree = SDKROOT; };
		CE30706E284E3EA9007C8FEB /* AppKit.framework */ = {isa = PBXFileReference; lastKnownFileType = wrapper.framework; name = AppKit.framework; path = System/Library/Frameworks/AppKit.framework; sourceTree = SDKROOT; };
		CE379A9E2973E1AE006C9E07 /* MOSXFrameSaver.h */ = {isa = PBXFileReference; fileEncoding = 4; lastKnownFileType = sourcecode.c.h; path = MOSXFrameSaver.h; sourceTree = "<group>"; };
		CE379A9F2973E1AE006C9E07 /* MOSXFrameSaver.mm */ = {isa = PBXFileReference; fileEncoding = 4; lastKnownFileType = sourcecode.cpp.objcpp; path = MOSXFrameSaver.mm; sourceTree = "<group>"; };
		CEE269332854BE050007B0C2 /* MMACJavaScriptCore.h */ = {isa = PBXFileReference; fileEncoding = 4; lastKnownFileType = sourcecode.c.h; path = MMACJavaScriptCore.h; sourceTree = "<group>"; };
		CEE269342854BE050007B0C2 /* MMACJavaScriptCore.mm */ = {isa = PBXFileReference; fileEncoding = 4; lastKnownFileType = sourcecode.cpp.objcpp; path = MMACJavaScriptCore.mm; sourceTree = "<group>"; };
/* End PBXFileReference section */

/* Begin PBXFrameworksBuildPhase section */
		CE107D7C2674C5E900823730 /* Frameworks */ = {
			isa = PBXFrameworksBuildPhase;
			buildActionMask = 2147483647;
			files = (
				CE30706F284E3EA9007C8FEB /* AppKit.framework in Frameworks */,
				CE30706D284E3EA0007C8FEB /* JavaScriptCore.framework in Frameworks */,
			);
			runOnlyForDeploymentPostprocessing = 0;
		};
/* End PBXFrameworksBuildPhase section */

/* Begin PBXGroup section */
		CE107D762674C5E900823730 = {
			isa = PBXGroup;
			children = (
				CE107D9F2674C77C00823730 /* appres */,
				CE107DA12674C77C00823730 /* appsrc */,
				CE30706B284E3EA0007C8FEB /* frameworks */,
				CECBCBB727EF1B8000F15C6D /* mini_mac */,
				CE107D812674C5E900823730 /* mini_osx */,
				CE107D802674C5E900823730 /* products */,
			);
			sourceTree = "<group>";
		};
		CE107D802674C5E900823730 /* products */ = {
			isa = PBXGroup;
			children = (
				CE107D7F2674C5E900823730 /* mini.app */,
			);
			name = products;
			sourceTree = "<group>";
		};
		CE107D812674C5E900823730 /* mini_osx */ = {
			isa = PBXGroup;
			children = (
				CE107D882674C5EA00823730 /* Assets.xcassets */,
				CE107D8D2674C5EA00823730 /* Info.plist */,
				CE107D902674C5EA00823730 /* mini.entitlements */,
				CE107D8E2674C5EA00823730 /* MOSXAppMain.mm */,
				CE379A9E2973E1AE006C9E07 /* MOSXFrameSaver.h */,
				CE379A9F2973E1AE006C9E07 /* MOSXFrameSaver.mm */,
				CE107D9B2674C6A400823730 /* MOSXViewController.h */,
				CE107D992674C6A400823730 /* MOSXViewController.mm */,
			);
			path = mini_osx;
			sourceTree = "<group>";
		};
		CE107D9F2674C77C00823730 /* appres */ = {
			isa = PBXGroup;
			children = (
				CE107DA02674C77C00823730 /* mini.bundle */,
			);
			name = appres;
			path = ../appres;
			sourceTree = "<group>";
		};
		CE107DA12674C77C00823730 /* appsrc */ = {
			isa = PBXGroup;
			children = (
				CE107DA22674C77C00823730 /* README.cpp */,
			);
			name = appsrc;
			path = ../appsrc;
			sourceTree = "<group>";
		};
		CE30706B284E3EA0007C8FEB /* frameworks */ = {
			isa = PBXGroup;
			children = (
				CE30706E284E3EA9007C8FEB /* AppKit.framework */,
				CE30706C284E3EA0007C8FEB /* JavaScriptCore.framework */,
			);
			name = frameworks;
			sourceTree = "<group>";
		};
		CECBCBB727EF1B8000F15C6D /* mini_mac */ = {
			isa = PBXGroup;
			children = (
				CE1FC5BA280C5438005215EC /* MMACBundle.h */,
				CE1FC5B7280C5438005215EC /* MMACBundle.mm */,
				CE1FC5B8280C5438005215EC /* MMACDrawView.h */,
				CE1FC5B6280C5438005215EC /* MMACDrawView.mm */,
				CE1FC5B9280C5438005215EC /* MMACImageFactory.h */,
				CE1FC5BB280C5438005215EC /* MMACImageFactory.mm */,
				CEE269332854BE050007B0C2 /* MMACJavaScriptCore.h */,
				CEE269342854BE050007B0C2 /* MMACJavaScriptCore.mm */,
			);
			name = mini_mac;
			path = ../host/mini_mac;
			sourceTree = "<group>";
		};
/* End PBXGroup section */

/* Begin PBXNativeTarget section */
		CE107D7E2674C5E900823730 /* mini */ = {
			isa = PBXNativeTarget;
			buildConfigurationList = CE107D932674C5EA00823730 /* Build configuration list for PBXNativeTarget "mini" */;
			buildPhases = (
				CE107D7B2674C5E900823730 /* Sources */,
				CE107D7C2674C5E900823730 /* Frameworks */,
				CE107D7D2674C5E900823730 /* Resources */,
			);
			buildRules = (
			);
			dependencies = (
			);
			name = mini;
			productName = host;
			productReference = CE107D7F2674C5E900823730 /* mini.app */;
			productType = "com.apple.product-type.application";
		};
/* End PBXNativeTarget section */

/* Begin PBXProject section */
		CE107D772674C5E900823730 /* Project object */ = {
			isa = PBXProject;
			attributes = {
				BuildIndependentTargetsInParallel = YES;
				LastUpgradeCheck = 1430;
				TargetAttributes = {
					CE107D7E2674C5E900823730 = {
						CreatedOnToolsVersion = 12.5;
					};
				};
			};
			buildConfigurationList = CE107D7A2674C5E900823730 /* Build configuration list for PBXProject "mini_osx" */;
			compatibilityVersion = "Xcode 9.3";
			developmentRegion = en;
			hasScannedForEncodings = 0;
			knownRegions = (
				en,
				Base,
			);
			mainGroup = CE107D762674C5E900823730;
			productRefGroup = CE107D802674C5E900823730 /* products */;
			projectDirPath = "";
			projectRoot = "";
			targets = (
				CE107D7E2674C5E900823730 /* mini */,
			);
		};
/* End PBXProject section */

/* Begin PBXResourcesBuildPhase section */
		CE107D7D2674C5E900823730 /* Resources */ = {
			isa = PBXResourcesBuildPhase;
			buildActionMask = 2147483647;
			files = (
				CE107DA72674C77C00823730 /* mini.bundle in Resources */,
				CE107D892674C5EA00823730 /* Assets.xcassets in Resources */,
			);
			runOnlyForDeploymentPostprocessing = 0;
		};
/* End PBXResourcesBuildPhase section */

/* Begin PBXSourcesBuildPhase section */
		CE107D7B2674C5E900823730 /* Sources */ = {
			isa = PBXSourcesBuildPhase;
			buildActionMask = 2147483647;
			files = (
				CE1FC5BC280C5438005215EC /* MMACDrawView.mm in Sources */,
				CE107D9E2674C6A400823730 /* MOSXViewController.mm in Sources */,
				CE107D8F2674C5EA00823730 /* MOSXAppMain.mm in Sources */,
				CE1FC5BD280C5438005215EC /* MMACBundle.mm in Sources */,
				CE379AA02973E1AF006C9E07 /* MOSXFrameSaver.mm in Sources */,
				CE107DA82674C77C00823730 /* README.cpp in Sources */,
				CEE269352854BE050007B0C2 /* MMACJavaScriptCore.mm in Sources */,
				CE1FC5BE280C5438005215EC /* MMACImageFactory.mm in Sources */,
			);
			runOnlyForDeploymentPostprocessing = 0;
		};
/* End PBXSourcesBuildPhase section */

/* Begin XCBuildConfiguration section */
		CE107D912674C5EA00823730 /* Debug */ = {
			isa = XCBuildConfiguration;
			buildSettings = {
				ALWAYS_SEARCH_USER_PATHS = NO;
				CLANG_ANALYZER_NONNULL = YES;
				CLANG_ANALYZER_NUMBER_OBJECT_CONVERSION = YES_AGGRESSIVE;
				CLANG_CXX_LANGUAGE_STANDARD = "gnu++17";
				CLANG_CXX_LIBRARY = "libc++";
				CLANG_ENABLE_MODULES = YES;
				CLANG_ENABLE_OBJC_ARC = YES;
				CLANG_ENABLE_OBJC_WEAK = YES;
				CLANG_WARN_BLOCK_CAPTURE_AUTORELEASING = YES;
				CLANG_WARN_BOOL_CONVERSION = YES;
				CLANG_WARN_COMMA = YES;
				CLANG_WARN_CONSTANT_CONVERSION = YES;
				CLANG_WARN_DEPRECATED_OBJC_IMPLEMENTATIONS = YES;
				CLANG_WARN_DIRECT_OBJC_ISA_USAGE = YES_ERROR;
				CLANG_WARN_DOCUMENTATION_COMMENTS = YES;
				CLANG_WARN_EMPTY_BODY = YES;
				CLANG_WARN_ENUM_CONVERSION = YES;
				CLANG_WARN_INFINITE_RECURSION = YES;
				CLANG_WARN_INT_CONVERSION = YES;
				CLANG_WARN_NON_LITERAL_NULL_CONVERSION = YES;
				CLANG_WARN_OBJC_IMPLICIT_RETAIN_SELF = YES;
				CLANG_WARN_OBJC_LITERAL_CONVERSION = YES;
				CLANG_WARN_OBJC_ROOT_CLASS = YES_ERROR;
				CLANG_WARN_QUOTED_INCLUDE_IN_FRAMEWORK_HEADER = YES;
				CLANG_WARN_RANGE_LOOP_ANALYSIS = YES;
				CLANG_WARN_STRICT_PROTOTYPES = YES;
				CLANG_WARN_SUSPICIOUS_MOVE = YES;
				CLANG_WARN_UNGUARDED_AVAILABILITY = YES_AGGRESSIVE;
				CLANG_WARN_UNREACHABLE_CODE = YES;
				CLANG_WARN__DUPLICATE_METHOD_MATCH = YES;
				COPY_PHASE_STRIP = NO;
				DEAD_CODE_STRIPPING = YES;
				DEBUG_INFORMATION_FORMAT = dwarf;
				ENABLE_STRICT_OBJC_MSGSEND = YES;
				ENABLE_TESTABILITY = YES;
				GCC_C_LANGUAGE_STANDARD = gnu11;
				GCC_DYNAMIC_NO_PIC = NO;
				GCC_NO_COMMON_BLOCKS = YES;
				GCC_OPTIMIZATION_LEVEL = 0;
				GCC_PREPROCESSOR_DEFINITIONS = (
					"DEBUG=1",
					"$(inherited)",
				);
				GCC_WARN_64_TO_32_BIT_CONVERSION = YES;
				GCC_WARN_ABOUT_RETURN_TYPE = YES_ERROR;
				GCC_WARN_UNDECLARED_SELECTOR = YES;
				GCC_WARN_UNINITIALIZED_AUTOS = YES_AGGRESSIVE;
				GCC_WARN_UNUSED_FUNCTION = YES;
				GCC_WARN_UNUSED_VARIABLE = YES;
				MACOSX_DEPLOYMENT_TARGET = 13.0;
				MTL_ENABLE_DEBUG_INFO = INCLUDE_SOURCE;
				MTL_FAST_MATH = YES;
				ONLY_ACTIVE_ARCH = YES;
				SDKROOT = macosx;
			};
			name = Debug;
		};
		CE107D922674C5EA00823730 /* Release */ = {
			isa = XCBuildConfiguration;
			buildSettings = {
				ALWAYS_SEARCH_USER_PATHS = NO;
				CLANG_ANALYZER_NONNULL = YES;
				CLANG_ANALYZER_NUMBER_OBJECT_CONVERSION = YES_AGGRESSIVE;
				CLANG_CXX_LANGUAGE_STANDARD = "gnu++17";
				CLANG_CXX_LIBRARY = "libc++";
				CLANG_ENABLE_MODULES = YES;
				CLANG_ENABLE_OBJC_ARC = YES;
				CLANG_ENABLE_OBJC_WEAK = YES;
				CLANG_WARN_BLOCK_CAPTURE_AUTORELEASING = YES;
				CLANG_WARN_BOOL_CONVERSION = YES;
				CLANG_WARN_COMMA = YES;
				CLANG_WARN_CONSTANT_CONVERSION = YES;
				CLANG_WARN_DEPRECATED_OBJC_IMPLEMENTATIONS = YES;
				CLANG_WARN_DIRECT_OBJC_ISA_USAGE = YES_ERROR;
				CLANG_WARN_DOCUMENTATION_COMMENTS = YES;
				CLANG_WARN_EMPTY_BODY = YES;
				CLANG_WARN_ENUM_CONVERSION = YES;
				CLANG_WARN_INFINITE_RECURSION = YES;
				CLANG_WARN_INT_CONVERSION = YES;
				CLANG_WARN_NON_LITERAL_NULL_CONVERSION = YES;
				CLANG_WARN_OBJC_IMPLICIT_RETAIN_SELF = YES;
				CLANG_WARN_OBJC_LITERAL_CONVERSION = YES;
				CLANG_WARN_OBJC_ROOT_CLASS = YES_ERROR;
				CLANG_WARN_QUOTED_INCLUDE_IN_FRAMEWORK_HEADER = YES;
				CLANG_WARN_RANGE_LOOP_ANALYSIS = YES;
				CLANG_WARN_STRICT_PROTOTYPES = YES;
				CLANG_WARN_SUSPICIOUS_MOVE = YES;
				CLANG_WARN_UNGUARDED_AVAILABILITY = YES_AGGRESSIVE;
				CLANG_WARN_UNREACHABLE_CODE = YES;
				CLANG_WARN__DUPLICATE_METHOD_MATCH = YES;
				COPY_PHASE_STRIP = NO;
				DEAD_CODE_STRIPPING = YES;
				DEBUG_INFORMATION_FORMAT = "dwarf-with-dsym";
				ENABLE_NS_ASSERTIONS = NO;
				ENABLE_STRICT_OBJC_MSGSEND = YES;
				GCC_C_LANGUAGE_STANDARD = gnu11;
				GCC_NO_COMMON_BLOCKS = YES;
				GCC_WARN_64_TO_32_BIT_CONVERSION = YES;
				GCC_WARN_ABOUT_RETURN_TYPE = YES_ERROR;
				GCC_WARN_UNDECLARED_SELECTOR = YES;
				GCC_WARN_UNINITIALIZED_AUTOS = YES_AGGRESSIVE;
				GCC_WARN_UNUSED_FUNCTION = YES;
				GCC_WARN_UNUSED_VARIABLE = YES;
				MACOSX_DEPLOYMENT_TARGET = 13.0;
				MTL_ENABLE_DEBUG_INFO = NO;
				MTL_FAST_MATH = YES;
				SDKROOT = macosx;
			};
			name = Release;
		};
		CE107D942674C5EA00823730 /* Debug */ = {
			isa = XCBuildConfiguration;
			buildSettings = {
				ASSETCATALOG_COMPILER_APPICON_NAME = AppIcon;
				ASSETCATALOG_COMPILER_GLOBAL_ACCENT_COLOR_NAME = AccentColor;
				CODE_SIGN_ENTITLEMENTS = mini_osx/mini.entitlements;
				CODE_SIGN_IDENTITY = "-";
				CODE_SIGN_STYLE = Automatic;
				COMBINE_HIDPI_IMAGES = YES;
				DEAD_CODE_STRIPPING = YES;
				HEADER_SEARCH_PATHS = (
					"$(SRCROOT)/../appsrc",
					"$(SRCROOT)/../host/mini_mac",
				);
				INFOPLIST_FILE = "$(SRCROOT)/mini_osx/Info.plist";
				LD_RUNPATH_SEARCH_PATHS = (
					"$(inherited)",
					"@executable_path/../Frameworks",
				);
				PRODUCT_BUNDLE_IDENTIFIER = me.wzsayiie.app.mini;
				PRODUCT_NAME = "$(TARGET_NAME)";
			};
			name = Debug;
		};
		CE107D952674C5EA00823730 /* Release */ = {
			isa = XCBuildConfiguration;
			buildSettings = {
				ASSETCATALOG_COMPILER_APPICON_NAME = AppIcon;
				ASSETCATALOG_COMPILER_GLOBAL_ACCENT_COLOR_NAME = AccentColor;
				CODE_SIGN_ENTITLEMENTS = mini_osx/mini.entitlements;
				CODE_SIGN_IDENTITY = "-";
				CODE_SIGN_STYLE = Automatic;
				COMBINE_HIDPI_IMAGES = YES;
				DEAD_CODE_STRIPPING = YES;
				HEADER_SEARCH_PATHS = (
					"$(SRCROOT)/../appsrc",
					"$(SRCROOT)/../host/mini_mac",
				);
				INFOPLIST_FILE = "$(SRCROOT)/mini_osx/Info.plist";
				LD_RUNPATH_SEARCH_PATHS = (
					"$(inherited)",
					"@executable_path/../Frameworks",
				);
				PRODUCT_BUNDLE_IDENTIFIER = me.wzsayiie.app.mini;
				PRODUCT_NAME = "$(TARGET_NAME)";
			};
			name = Release;
		};
/* End XCBuildConfiguration section */

/* Begin XCConfigurationList section */
		CE107D7A2674C5E900823730 /* Build configuration list for PBXProject "mini_osx" */ = {
			isa = XCConfigurationList;
			buildConfigurations = (
				CE107D912674C5EA00823730 /* Debug */,
				CE107D922674C5EA00823730 /* Release */,
			);
			defaultConfigurationIsVisible = 0;
			defaultConfigurationName = Release;
		};
		CE107D932674C5EA00823730 /* Build configuration list for PBXNativeTarget "mini" */ = {
			isa = XCConfigurationList;
			buildConfigurations = (
				CE107D942674C5EA00823730 /* Debug */,
				CE107D952674C5EA00823730 /* Release */,
			);
			defaultConfigurationIsVisible = 0;
			defaultConfigurationName = Release;
		};
/* End XCConfigurationList section */
	};
	rootObject = CE107D772674C5E900823730 /* Project object */;
}
