<?xml version="1.0" encoding="utf-8"?>
<Project ToolsVersion="4.0" xmlns="http://schemas.microsoft.com/developer/msbuild/2003">
  <ItemGroup>
    <Filter Include="appsrc">
      <UniqueIdentifier>{adb3e51c-f2b0-42b4-a713-0cf744b0e8de}</UniqueIdentifier>
    </Filter>
    <Filter Include="mini">
      <UniqueIdentifier>{3f546708-ac91-4e3c-bf3e-b38994df11ed}</UniqueIdentifier>
    </Filter>
  </ItemGroup>
  <ItemGroup>
    <ClCompile Include="mwinmain.cpp">
      <Filter>mini</Filter>
    </ClCompile>
    <ClCompile Include="..\..\appsrc\README.cpp">
      <Filter>appsrc</Filter>
    </ClCompile>
    <ClCompile Include="mwinapi.cpp">
      <Filter>mini</Filter>
    </ClCompile>
    <ClCompile Include="mpaint.cpp">
      <Filter>mini</Filter>
    </ClCompile>
  </ItemGroup>
  <ItemGroup>
    <ClInclude Include="mwinapi.h">
      <Filter>mini</Filter>
    </ClInclude>
    <ClInclude Include="mpaint.h">
      <Filter>mini</Filter>
    </ClInclude>
  </ItemGroup>
</Project>